<?xml version="1.0" encoding="utf-8"?>
<Project ToolsVersion="4.0" xmlns="http://schemas.microsoft.com/developer/msbuild/2003">
  <ItemGroup>
    <Filter Include="Исходные файлы">
      <UniqueIdentifier>{4FC737F1-C7A5-4376-A066-2A32D752A2FF}</UniqueIdentifier>
      <Extensions>cpp;c;cc;cxx;def;odl;idl;hpj;bat;asm;asmx</Extensions>
    </Filter>
    <Filter Include="Файлы заголовков">
      <UniqueIdentifier>{93995380-89BD-4b04-88EB-625FBE52EBFB}</UniqueIdentifier>
      <Extensions>h;hh;hpp;hxx;hm;inl;inc;ipp;xsd</Extensions>
    </Filter>
    <Filter Include="Файлы ресурсов">
      <UniqueIdentifier>{67DA6AB6-F800-4c08-8B7A-83BB121AAD01}</UniqueIdentifier>
      <Extensions>rc;ico;cur;bmp;dlg;rc2;rct;bin;rgs;gif;jpg;jpeg;jpe;resx;tiff;tif;png;wav;mfcribbon-ms</Extensions>
    </Filter>
    <Filter Include="Файлы заголовков\SAFGUIF">
      <UniqueIdentifier>{cd94355b-5622-4ee1-8bae-e4061f3cda23}</UniqueIdentifier>
    </Filter>
    <Filter Include="Файлы заголовков\MIDI Processing">
      <UniqueIdentifier>{294818bf-9e52-4327-8c00-d895b0067147}</UniqueIdentifier>
    </Filter>
    <Filter Include="Файлы заголовков\SAFGUIF\Specific">
      <UniqueIdentifier>{05cbd868-f101-4136-8d0b-2bbc53b83065}</UniqueIdentifier>
    </Filter>
  </ItemGroup>
  <ItemGroup>
    <ClInclude Include="consts.h">
      <Filter>Исходные файлы</Filter>
    </ClInclude>
    <ClInclude Include="resource.h">
      <Filter>Файлы заголовков</Filter>
    </ClInclude>
    <ClInclude Include="WinReg.h">
      <Filter>Файлы заголовков</Filter>
    </ClInclude>
    <ClInclude Include="allocator.h">
      <Filter>Файлы заголовков</Filter>
    </ClInclude>
    <ClInclude Include="SAFCGUIF_Local\DND.h">
      <Filter>Файлы заголовков</Filter>
    </ClInclude>
    <ClInclude Include="SAFGUIF\button.h">
      <Filter>Файлы заголовков\SAFGUIF</Filter>
    </ClInclude>
    <ClInclude Include="SAFGUIF\button_settings.h">
      <Filter>Файлы заголовков\SAFGUIF</Filter>
    </ClInclude>
    <ClInclude Include="SAFGUIF\charmap.h">
      <Filter>Файлы заголовков\SAFGUIF</Filter>
    </ClInclude>
    <ClInclude Include="SAFGUIF\checkbox.h">
      <Filter>Файлы заголовков\SAFGUIF</Filter>
    </ClInclude>
    <ClInclude Include="SAFCGUIF_Local\graphing.h">
      <Filter>Файлы заголовков\SAFGUIF</Filter>
    </ClInclude>
    <ClInclude Include="SAFGUIF\handleable_ui_part.h">
      <Filter>Файлы заголовков\SAFGUIF</Filter>
    </ClInclude>
    <ClInclude Include="SAFGUIF\header_utils.h">
      <Filter>Файлы заголовков\SAFGUIF</Filter>
    </ClInclude>
    <ClInclude Include="SAFGUIF\input_field.h">
      <Filter>Файлы заголовков\SAFGUIF</Filter>
    </ClInclude>
    <ClInclude Include="SAFGUIF\moveable_window.h">
      <Filter>Файлы заголовков\SAFGUIF</Filter>
    </ClInclude>
    <ClInclude Include="SAFGUIF\SAFGUIF.h">
      <Filter>Файлы заголовков\SAFGUIF</Filter>
    </ClInclude>
    <ClInclude Include="SAFGUIF\single_text_line_settings.h">
      <Filter>Файлы заголовков\SAFGUIF</Filter>
    </ClInclude>
    <ClInclude Include="SAFGUIF\single_text_line.h">
      <Filter>Файлы заголовков\SAFGUIF</Filter>
    </ClInclude>
    <ClInclude Include="SAFGUIF\snp_list.h">
      <Filter>Файлы заголовков\SAFGUIF</Filter>
    </ClInclude>
    <ClInclude Include="SAFGUIF\special_signs.h">
      <Filter>Файлы заголовков\SAFGUIF</Filter>
    </ClInclude>
    <ClInclude Include="SAFGUIF\stls_presets.h">
      <Filter>Файлы заголовков\SAFGUIF</Filter>
    </ClInclude>
    <ClInclude Include="SAFGUIF\symbols.h">
      <Filter>Файлы заголовков\SAFGUIF</Filter>
    </ClInclude>
    <ClInclude Include="SAFGUIF\textbox.h">
      <Filter>Файлы заголовков\SAFGUIF</Filter>
    </ClInclude>
    <ClInclude Include="SAFGUIF\windows_handler.h">
      <Filter>Файлы заголовков\SAFGUIF</Filter>
    </ClInclude>
    <ClInclude Include="SAFGUIF\wheel_variable_changer.h">
      <Filter>Файлы заголовков\SAFGUIF</Filter>
    </ClInclude>
    <ClInclude Include="bbb_ffio.h">
      <Filter>Файлы заголовков\MIDI Processing</Filter>
    </ClInclude>
    <ClInclude Include="SAFC_InnerModules\CAT.h">
      <Filter>Файлы заголовков\MIDI Processing</Filter>
    </ClInclude>
    <ClInclude Include="SAFC_InnerModules\FMC.h">
      <Filter>Файлы заголовков\MIDI Processing</Filter>
    </ClInclude>
    <ClInclude Include="SAFC_InnerModules\MCTM.h">
      <Filter>Файлы заголовков\MIDI Processing</Filter>
    </ClInclude>
    <ClInclude Include="SAFC_InnerModules\PLC.h">
      <Filter>Файлы заголовков\MIDI Processing</Filter>
    </ClInclude>
    <ClInclude Include="SAFC_InnerModules\SAFC_IM.h">
      <Filter>Файлы заголовков\MIDI Processing</Filter>
    </ClInclude>
    <ClInclude Include="SAFC_InnerModules\SMIC.h">
      <Filter>Файлы заголовков\MIDI Processing</Filter>
    </ClInclude>
    <ClInclude Include="SAFCGUIF_Local\CATh.h">
      <Filter>Файлы заголовков\SAFGUIF\Specific</Filter>
    </ClInclude>
    <ClInclude Include="SAFCGUIF_Local\PLC_Vol.h">
      <Filter>Файлы заголовков\SAFGUIF\Specific</Filter>
    </ClInclude>
    <ClInclude Include="SAFCGUIF_Local\SAFGUIF_L.h">
      <Filter>Файлы заголовков\SAFGUIF\Specific</Filter>
    </ClInclude>
    <ClInclude Include="SAFCGUIF_Local\SMRPVis.h">
      <Filter>Файлы заголовков\SAFGUIF\Specific</Filter>
    </ClInclude>
    <ClInclude Include="SAFCGUIF_Local\BAWC.h">
      <Filter>Файлы заголовков\SAFGUIF\Specific</Filter>
    </ClInclude>
    <ClInclude Include="SAFGUIF\fonted_manip.h">
      <Filter>Файлы заголовков</Filter>
    </ClInclude>
    <ClInclude Include="BWMR.h">
      <Filter>Файлы заголовков</Filter>
    </ClInclude>
    <ClInclude Include="SAFC_InnerModules\HTDBR.h">
      <Filter>Файлы заголовков\MIDI Processing</Filter>
    </ClInclude>
    <ClInclude Include="SAFC_InnerModules\SMRP.h">
      <Filter>Файлы заголовков\MIDI Processing</Filter>
    </ClInclude>
    <ClInclude Include="SAFGUIF\editbox.h">
      <Filter>Файлы заголовков\SAFGUIF</Filter>
    </ClInclude>
    <ClInclude Include="movable_resizeable_window.h">
      <Filter>Файлы заголовков</Filter>
    </ClInclude>
    <ClInclude Include="SAFGUIF\movable_resizeable_window.h">
      <Filter>Файлы заголовков\SAFGUIF</Filter>
    </ClInclude>
    <ClInclude Include="MRWF.h">
      <Filter>Файлы заголовков\MIDI Processing</Filter>
    </ClInclude>
  </ItemGroup>
  <ItemGroup>
    <ClCompile Include="_SAFC_.cpp">
      <Filter>Исходные файлы</Filter>
    </ClCompile>
  </ItemGroup>
  <ItemGroup>
    <ResourceCompile Include="_SAFC_.rc">
      <Filter>Исходные файлы</Filter>
    </ResourceCompile>
  </ItemGroup>
  <ItemGroup>
    <Image Include="_SAFC_.ico">
      <Filter>Файлы ресурсов</Filter>
    </Image>
  </ItemGroup>
</Project>